Microsoft Visual Studio Solution File, Format Version 12.00
# Visual Studio Version 16
VisualStudioVersion = 16.0.30517.126
MinimumVisualStudioVersion = 10.0.40219.1
Project("{FAE04EC0-301F-11D3-BF4B-00C04F79EFBC}") = "CastingConverting", "CastingConverting\CastingConverting.csproj", "{CE4EE7B0-7C27-4CD4-8670-0AD7CE3BF888}"
EndProject
Project("{FAE04EC0-301F-11D3-BF4B-00C04F79EFBC}") = "HandlingExceptions", "HandlingExceptions\HandlingExceptions.csproj", "{1875C7AF-2651-43D9-91AC-682310D590C9}"
EndProject
Project("{FAE04EC0-301F-11D3-BF4B-00C04F79EFBC}") = "WritingFunctions", "WritingFunctions\WritingFunctions.csproj", "{3D6E3F66-B7F1-4C0E-8885-621C07029F8E}"
EndProject
Project("{FAE04EC0-301F-11D3-BF4B-00C04F79EFBC}") = "Instrumenting", "Instrumenting\Instrumenting.csproj", "{F77535C0-FEE8-42E0-AE93-518B23192B6E}"
EndProject
Project("{9A19103F-16F7-4668-BE54-9A1E7A4F7556}") = "PacktLibrary", "PacktLibrary\PacktLibrary.csproj", "{0E145F6D-4A91-44BC-9D6E-B9EEDADE32ED}"
EndProject
Project("{9A19103F-16F7-4668-BE54-9A1E7A4F7556}") = "PeopleApp", "PeopleApp\PeopleApp.csproj", "{295B4A32-47B2-43A8-8916-1E56DDFB6094}"
EndProject
Project("{9A19103F-16F7-4668-BE54-9A1E7A4F7556}") = "NullHandling", "NullHandling\NullHandling.csproj", "{86C71A3A-E5F8-47DF-AF3A-96C5C09F04E1}"
EndProject
Project("{9A19103F-16F7-4668-BE54-9A1E7A4F7556}") = "AAATryingThingsOut", "AAATryingThingsOut\AAATryingThingsOut.csproj", "{BAFAAEE4-B8C2-48B0-A958-94CC0B714DBB}"
EndProject
Project("{9A19103F-16F7-4668-BE54-9A1E7A4F7556}") = "ParametersRefOut", "ParametersRefOut\ParametersRefOut.csproj", "{126192F8-0E7C-42D9-A986-E1E5DB710657}"
EndProject
Project("{2150E333-8FDC-42A3-9474-1A3956D46DE8}") = "Chapter06", "Chapter06", "{8E642355-0ABF-4EED-98A8-320983337FE6}"
EndProject
Project("{9A19103F-16F7-4668-BE54-9A1E7A4F7556}") = "PacktLibraryCh06", "PacktLibraryCh06\PacktLibraryCh06.csproj", "{46510F9D-DD11-4608-B5E6-6E4224FB6E44}"
EndProject
Project("{9A19103F-16F7-4668-BE54-9A1E7A4F7556}") = "PeopleAppCh06", "PeopleAppCh06\PeopleAppCh06.csproj", "{9D9D920D-CD8F-44A9-95FA-8CC0BF72C8CE}"
EndProject
Project("{2150E333-8FDC-42A3-9474-1A3956D46DE8}") = "Chapter07", "Chapter07", "{6C0F8C8B-E50E-4CE2-9864-2DA60A1E5413}"
EndProject
Project("{2150E333-8FDC-42A3-9474-1A3956D46DE8}") = "AssembliesAndNamespaces", "AssembliesAndNamespaces", "{74111E0D-B3C0-462E-A4CA-FE952C345C9B}"
EndProject
Project("{9A19103F-16F7-4668-BE54-9A1E7A4F7556}") = "AssembliesAndNamespaces", "JustSimpleProject\AssembliesAndNamespaces.csproj", "{17353F68-D21E-4DFC-85C7-2EA379173B95}"
EndProject
Project("{2150E333-8FDC-42A3-9474-1A3956D46DE8}") = "SharedLibrary", "SharedLibrary", "{136912D4-86C6-4ECF-A4E8-88D11B4DA1AD}"
EndProject
Project("{9A19103F-16F7-4668-BE54-9A1E7A4F7556}") = "SharedLibrary", "SharedLibrary\SharedLibrary.csproj", "{F45A2C08-8D1A-45CA-97D3-714962C40F61}"
EndProject
Project("{9A19103F-16F7-4668-BE54-9A1E7A4F7556}") = "DotNetCoreEverywhere", "DotNetCoreEverywhere\DotNetCoreEverywhere.csproj", "{177C99F5-933C-4708-B778-454E923FB14A}"
EndProject
Project("{9A19103F-16F7-4668-BE54-9A1E7A4F7556}") = "WorkingWithRegularExpressions", "WorkingWithRegularExpressions\WorkingWithRegularExpressions.csproj", "{514F7DF4-B37B-4189-9797-EA51017AE506}"
EndProject
Project("{9A19103F-16F7-4668-BE54-9A1E7A4F7556}") = "WorkingWithLists", "WorkingWithLists\WorkingWithLists.csproj", "{20ECF819-7623-419E-B2A6-56D19343C284}"
EndProject
Project("{9A19103F-16F7-4668-BE54-9A1E7A4F7556}") = "WorkingWithRanges", "WorkingWithRanges\WorkingWithRanges.csproj", "{EAF73669-B9E5-4BB7-8D52-1F7C925D6426}"
EndProject
Project("{9A19103F-16F7-4668-BE54-9A1E7A4F7556}") = "WorkingWithNetwork", "WorkingWithNetwork\WorkingWithNetwork.csproj", "{E8B678F6-E510-443B-BB64-79BEF95005F1}"
EndProject
Project("{9A19103F-16F7-4668-BE54-9A1E7A4F7556}") = "WorkingWithReflection", "WorkingWithReflection\WorkingWithReflection.csproj", "{363C4FEF-250E-4153-8661-B7C057598E3B}"
EndProject
Project("{9A19103F-16F7-4668-BE54-9A1E7A4F7556}") = "Internationalization", "Internationalization\Internationalization.csproj", "{E2CC508E-3206-4DD0-9B0C-09A15E0F4F67}"
EndProject
Project("{9A19103F-16F7-4668-BE54-9A1E7A4F7556}") = "WorkingWithFileSystems", "WorkingWithFileSystems\WorkingWithFileSystems.csproj", "{1C2CAAA6-DA52-4A58-BC51-9F218EEFD26E}"
EndProject
Project("{9A19103F-16F7-4668-BE54-9A1E7A4F7556}") = "WorkWithDrives", "WorkWithDrives\WorkWithDrives.csproj", "{70A136C8-361E-4FC2-93E6-D1B680FBDA65}"
EndProject
Project("{9A19103F-16F7-4668-BE54-9A1E7A4F7556}") = "WorkWithDirectories", "WorkWithDirectories\WorkWithDirectories.csproj", "{5003D15D-8210-4AF2-96CF-DF840228D346}"
EndProject
Project("{9A19103F-16F7-4668-BE54-9A1E7A4F7556}") = "WorkWithFiles", "WorkWithFiles\WorkWithFiles.csproj", "{5AF55265-2802-44F1-B4DD-8B211F1AB77F}"
EndProject
Project("{9A19103F-16F7-4668-BE54-9A1E7A4F7556}") = "WrokingWithStreams", "WrokingWithStreams\WrokingWithStreams.csproj", "{929B9F1E-9C1E-4E58-BC47-D627C038604B}"
EndProject
Project("{9A19103F-16F7-4668-BE54-9A1E7A4F7556}") = "WorkWithXml", "WorkWithXml\WorkWithXml.csproj", "{1803DC45-EF1F-4ED1-8FE4-D7CCBF4F3873}"
EndProject
Project("{9A19103F-16F7-4668-BE54-9A1E7A4F7556}") = "WorkWithCompression", "WorkWithCompression\WorkWithCompression.csproj", "{F142AAAD-7CEB-4C02-9191-3780D50C76F0}"
EndProject
Project("{9A19103F-16F7-4668-BE54-9A1E7A4F7556}") = "WorkingWithEncodings", "WorkingWithEncodings\WorkingWithEncodings.csproj", "{7425F917-F625-4A10-9555-D86AA3D95062}"
EndProject
Project("{9A19103F-16F7-4668-BE54-9A1E7A4F7556}") = "WorkingWithSerialization", "WorkingWithSerialization\WorkingWithSerialization.csproj", "{0A75D496-EDFA-404D-B59C-7287DF3477CE}"
EndProject
Project("{2150E333-8FDC-42A3-9474-1A3956D46DE8}") = "EntityFramework", "EntityFramework", "{C2CFFE4D-5CD6-41EC-AF24-AC633F0BD167}"
EndProject
Project("{9A19103F-16F7-4668-BE54-9A1E7A4F7556}") = "WorkingWithEFCore", "WorkingWithEFCore\WorkingWithEFCore.csproj", "{11BD6DD3-E548-44D6-8876-A3BD31DAC234}"
EndProject
Project("{2150E333-8FDC-42A3-9474-1A3956D46DE8}") = "LINQ", "LINQ", "{8F3B6368-FAE1-4B72-A1FA-0DB5FCEEF39A}"
EndProject
Project("{9A19103F-16F7-4668-BE54-9A1E7A4F7556}") = "LinqWithObjects", "LinqWithObjects\LinqWithObjects.csproj", "{8D8ED170-DAFA-4B49-B6B4-50295C6A4A36}"
EndProject
Project("{FAE04EC0-301F-11D3-BF4B-00C04F79EFBC}") = "LinqWithEFCore", "LinqWithEFCore\LinqWithEFCore.csproj", "{EE7C795E-EAB0-4021-B875-FB477F5E430C}"
EndProject
Project("{FAE04EC0-301F-11D3-BF4B-00C04F79EFBC}") = "LinqWithSets", "LinqWithSets\LinqWithSets.csproj", "{2C009E21-432C-4BB2-B87A-BDF78D71FE28}"
EndProject
Project("{9A19103F-16F7-4668-BE54-9A1E7A4F7556}") = "LinqInParallel", "LinqInParallel\LinqInParallel.csproj", "{426A6DCB-C6FB-4107-8D79-ECD8C5799D4B}"
EndProject
Project("{9A19103F-16F7-4668-BE54-9A1E7A4F7556}") = "MonitoringApp", "MonitoringApp\MonitoringApp.csproj", "{7018A125-417E-4953-9114-A1B27FA7822D}"
EndProject
Project("{2150E333-8FDC-42A3-9474-1A3956D46DE8}") = "PerformanceAndScalability", "PerformanceAndScalability", "{92E29DBD-0AF3-45DF-8A9B-54F6AC9154A6}"
EndProject
Project("{FAE04EC0-301F-11D3-BF4B-00C04F79EFBC}") = "MonitoringLib", "MonitoringLib\MonitoringLib.csproj", "{04F3DAE7-555B-4428-BBA6-BD80F741850D}"
EndProject
Project("{9A19103F-16F7-4668-BE54-9A1E7A4F7556}") = "AsynchronousProgramming", "AsynchronousProgramming\AsynchronousProgramming.csproj", "{0B53EE8A-E6D5-4C25-87F6-F00B2EC8C828}"
EndProject
Project("{2150E333-8FDC-42A3-9474-1A3956D46DE8}") = "Multitasking", "Multitasking", "{27F1346B-13DA-4656-BBC2-115F07EE8C9C}"
EndProject
Project("{9A19103F-16F7-4668-BE54-9A1E7A4F7556}") = "NestedAndChildTasks", "NestedAndChildTasks\NestedAndChildTasks.csproj", "{740DF302-6109-4539-B234-41D08C18F379}"
EndProject
Project("{9A19103F-16F7-4668-BE54-9A1E7A4F7556}") = "SynchronizingResourceAccessProgram", "SynchronizingResourceAccess,\SynchronizingResourceAccessProgram.csproj", "{8C10E227-847D-45F6-A7B7-4ACEDFD343DF}"
EndProject
Project("{9A19103F-16F7-4668-BE54-9A1E7A4F7556}") = "AsyncConsole", "AsyncConsole\AsyncConsole.csproj", "{6E42AA96-0968-488C-932C-29F27124BBC7}"
EndProject
Project("{9A19103F-16F7-4668-BE54-9A1E7A4F7556}") = "DelegatesAndEvents1", "DelegatesAndEvents1\DelegatesAndEvents1.csproj", "{9546DF0E-19B4-4E1B-8289-3DF503E1CB0E}"
EndProject
Project("{2150E333-8FDC-42A3-9474-1A3956D46DE8}") = "PracticalApp", "PracticalApp", "{8B56F1C3-07DA-4182-A393-1C3CAD0DDCBA}"
EndProject
Project("{FAE04EC0-301F-11D3-BF4B-00C04F79EFBC}") = "NorthwindWeb", "NorthwindWeb\NorthwindWeb.csproj", "{5810B4AD-97B9-4392-986E-EFC5C8BA365A}"
EndProject
Global
	GlobalSection(SolutionConfigurationPlatforms) = preSolution
		Debug|anycpu = Debug|anycpu
		Release|anycpu = Release|anycpu
	EndGlobalSection
	GlobalSection(ProjectConfigurationPlatforms) = postSolution
		{CE4EE7B0-7C27-4CD4-8670-0AD7CE3BF888}.Debug|anycpu.ActiveCfg = Debug|anycpu
		{CE4EE7B0-7C27-4CD4-8670-0AD7CE3BF888}.Debug|anycpu.Build.0 = Debug|anycpu
		{CE4EE7B0-7C27-4CD4-8670-0AD7CE3BF888}.Release|anycpu.ActiveCfg = Release|anycpu
		{CE4EE7B0-7C27-4CD4-8670-0AD7CE3BF888}.Release|anycpu.Build.0 = Release|anycpu
		{1875C7AF-2651-43D9-91AC-682310D590C9}.Debug|anycpu.ActiveCfg = Debug|anycpu
		{1875C7AF-2651-43D9-91AC-682310D590C9}.Debug|anycpu.Build.0 = Debug|anycpu
		{1875C7AF-2651-43D9-91AC-682310D590C9}.Release|anycpu.ActiveCfg = Release|anycpu
		{1875C7AF-2651-43D9-91AC-682310D590C9}.Release|anycpu.Build.0 = Release|anycpu
		{3D6E3F66-B7F1-4C0E-8885-621C07029F8E}.Debug|anycpu.ActiveCfg = Debug|anycpu
		{3D6E3F66-B7F1-4C0E-8885-621C07029F8E}.Debug|anycpu.Build.0 = Debug|anycpu
		{3D6E3F66-B7F1-4C0E-8885-621C07029F8E}.Release|anycpu.ActiveCfg = Release|anycpu
		{3D6E3F66-B7F1-4C0E-8885-621C07029F8E}.Release|anycpu.Build.0 = Release|anycpu
		{F77535C0-FEE8-42E0-AE93-518B23192B6E}.Debug|anycpu.ActiveCfg = Debug|anycpu
		{F77535C0-FEE8-42E0-AE93-518B23192B6E}.Debug|anycpu.Build.0 = Debug|anycpu
		{F77535C0-FEE8-42E0-AE93-518B23192B6E}.Release|anycpu.ActiveCfg = Release|anycpu
		{F77535C0-FEE8-42E0-AE93-518B23192B6E}.Release|anycpu.Build.0 = Release|anycpu
		{0E145F6D-4A91-44BC-9D6E-B9EEDADE32ED}.Debug|anycpu.ActiveCfg = Debug|Any CPU
		{0E145F6D-4A91-44BC-9D6E-B9EEDADE32ED}.Debug|anycpu.Build.0 = Debug|Any CPU
		{0E145F6D-4A91-44BC-9D6E-B9EEDADE32ED}.Release|anycpu.ActiveCfg = Release|Any CPU
		{0E145F6D-4A91-44BC-9D6E-B9EEDADE32ED}.Release|anycpu.Build.0 = Release|Any CPU
		{295B4A32-47B2-43A8-8916-1E56DDFB6094}.Debug|anycpu.ActiveCfg = Debug|Any CPU
		{295B4A32-47B2-43A8-8916-1E56DDFB6094}.Debug|anycpu.Build.0 = Debug|Any CPU
		{295B4A32-47B2-43A8-8916-1E56DDFB6094}.Release|anycpu.ActiveCfg = Release|Any CPU
		{295B4A32-47B2-43A8-8916-1E56DDFB6094}.Release|anycpu.Build.0 = Release|Any CPU
		{86C71A3A-E5F8-47DF-AF3A-96C5C09F04E1}.Debug|anycpu.ActiveCfg = Debug|Any CPU
		{86C71A3A-E5F8-47DF-AF3A-96C5C09F04E1}.Debug|anycpu.Build.0 = Debug|Any CPU
		{86C71A3A-E5F8-47DF-AF3A-96C5C09F04E1}.Release|anycpu.ActiveCfg = Release|Any CPU
		{86C71A3A-E5F8-47DF-AF3A-96C5C09F04E1}.Release|anycpu.Build.0 = Release|Any CPU
		{BAFAAEE4-B8C2-48B0-A958-94CC0B714DBB}.Debug|anycpu.ActiveCfg = Debug|Any CPU
		{BAFAAEE4-B8C2-48B0-A958-94CC0B714DBB}.Debug|anycpu.Build.0 = Debug|Any CPU
		{BAFAAEE4-B8C2-48B0-A958-94CC0B714DBB}.Release|anycpu.ActiveCfg = Release|Any CPU
		{BAFAAEE4-B8C2-48B0-A958-94CC0B714DBB}.Release|anycpu.Build.0 = Release|Any CPU
		{126192F8-0E7C-42D9-A986-E1E5DB710657}.Debug|anycpu.ActiveCfg = Debug|Any CPU
		{126192F8-0E7C-42D9-A986-E1E5DB710657}.Debug|anycpu.Build.0 = Debug|Any CPU
		{126192F8-0E7C-42D9-A986-E1E5DB710657}.Release|anycpu.ActiveCfg = Release|Any CPU
		{126192F8-0E7C-42D9-A986-E1E5DB710657}.Release|anycpu.Build.0 = Release|Any CPU
		{46510F9D-DD11-4608-B5E6-6E4224FB6E44}.Debug|anycpu.ActiveCfg = Debug|Any CPU
		{46510F9D-DD11-4608-B5E6-6E4224FB6E44}.Debug|anycpu.Build.0 = Debug|Any CPU
		{46510F9D-DD11-4608-B5E6-6E4224FB6E44}.Release|anycpu.ActiveCfg = Release|Any CPU
		{46510F9D-DD11-4608-B5E6-6E4224FB6E44}.Release|anycpu.Build.0 = Release|Any CPU
		{9D9D920D-CD8F-44A9-95FA-8CC0BF72C8CE}.Debug|anycpu.ActiveCfg = Debug|Any CPU
		{9D9D920D-CD8F-44A9-95FA-8CC0BF72C8CE}.Debug|anycpu.Build.0 = Debug|Any CPU
		{9D9D920D-CD8F-44A9-95FA-8CC0BF72C8CE}.Release|anycpu.ActiveCfg = Release|Any CPU
		{9D9D920D-CD8F-44A9-95FA-8CC0BF72C8CE}.Release|anycpu.Build.0 = Release|Any CPU
		{17353F68-D21E-4DFC-85C7-2EA379173B95}.Debug|anycpu.ActiveCfg = Debug|Any CPU
		{17353F68-D21E-4DFC-85C7-2EA379173B95}.Debug|anycpu.Build.0 = Debug|Any CPU
		{17353F68-D21E-4DFC-85C7-2EA379173B95}.Release|anycpu.ActiveCfg = Release|Any CPU
		{17353F68-D21E-4DFC-85C7-2EA379173B95}.Release|anycpu.Build.0 = Release|Any CPU
		{F45A2C08-8D1A-45CA-97D3-714962C40F61}.Debug|anycpu.ActiveCfg = Debug|Any CPU
		{F45A2C08-8D1A-45CA-97D3-714962C40F61}.Debug|anycpu.Build.0 = Debug|Any CPU
		{F45A2C08-8D1A-45CA-97D3-714962C40F61}.Release|anycpu.ActiveCfg = Release|Any CPU
		{F45A2C08-8D1A-45CA-97D3-714962C40F61}.Release|anycpu.Build.0 = Release|Any CPU
		{177C99F5-933C-4708-B778-454E923FB14A}.Debug|anycpu.ActiveCfg = Debug|Any CPU
		{177C99F5-933C-4708-B778-454E923FB14A}.Debug|anycpu.Build.0 = Debug|Any CPU
		{177C99F5-933C-4708-B778-454E923FB14A}.Release|anycpu.ActiveCfg = Release|Any CPU
		{177C99F5-933C-4708-B778-454E923FB14A}.Release|anycpu.Build.0 = Release|Any CPU
		{514F7DF4-B37B-4189-9797-EA51017AE506}.Debug|anycpu.ActiveCfg = Debug|Any CPU
		{514F7DF4-B37B-4189-9797-EA51017AE506}.Debug|anycpu.Build.0 = Debug|Any CPU
		{514F7DF4-B37B-4189-9797-EA51017AE506}.Release|anycpu.ActiveCfg = Release|Any CPU
		{514F7DF4-B37B-4189-9797-EA51017AE506}.Release|anycpu.Build.0 = Release|Any CPU
		{20ECF819-7623-419E-B2A6-56D19343C284}.Debug|anycpu.ActiveCfg = Debug|Any CPU
		{20ECF819-7623-419E-B2A6-56D19343C284}.Debug|anycpu.Build.0 = Debug|Any CPU
		{20ECF819-7623-419E-B2A6-56D19343C284}.Release|anycpu.ActiveCfg = Release|Any CPU
		{20ECF819-7623-419E-B2A6-56D19343C284}.Release|anycpu.Build.0 = Release|Any CPU
		{EAF73669-B9E5-4BB7-8D52-1F7C925D6426}.Debug|anycpu.ActiveCfg = Debug|Any CPU
		{EAF73669-B9E5-4BB7-8D52-1F7C925D6426}.Debug|anycpu.Build.0 = Debug|Any CPU
		{EAF73669-B9E5-4BB7-8D52-1F7C925D6426}.Release|anycpu.ActiveCfg = Release|Any CPU
		{EAF73669-B9E5-4BB7-8D52-1F7C925D6426}.Release|anycpu.Build.0 = Release|Any CPU
		{E8B678F6-E510-443B-BB64-79BEF95005F1}.Debug|anycpu.ActiveCfg = Debug|Any CPU
		{E8B678F6-E510-443B-BB64-79BEF95005F1}.Debug|anycpu.Build.0 = Debug|Any CPU
		{E8B678F6-E510-443B-BB64-79BEF95005F1}.Release|anycpu.ActiveCfg = Release|Any CPU
		{E8B678F6-E510-443B-BB64-79BEF95005F1}.Release|anycpu.Build.0 = Release|Any CPU
		{363C4FEF-250E-4153-8661-B7C057598E3B}.Debug|anycpu.ActiveCfg = Debug|Any CPU
		{363C4FEF-250E-4153-8661-B7C057598E3B}.Debug|anycpu.Build.0 = Debug|Any CPU
		{363C4FEF-250E-4153-8661-B7C057598E3B}.Release|anycpu.ActiveCfg = Release|Any CPU
		{363C4FEF-250E-4153-8661-B7C057598E3B}.Release|anycpu.Build.0 = Release|Any CPU
		{E2CC508E-3206-4DD0-9B0C-09A15E0F4F67}.Debug|anycpu.ActiveCfg = Debug|Any CPU
		{E2CC508E-3206-4DD0-9B0C-09A15E0F4F67}.Debug|anycpu.Build.0 = Debug|Any CPU
		{E2CC508E-3206-4DD0-9B0C-09A15E0F4F67}.Release|anycpu.ActiveCfg = Release|Any CPU
		{E2CC508E-3206-4DD0-9B0C-09A15E0F4F67}.Release|anycpu.Build.0 = Release|Any CPU
		{1C2CAAA6-DA52-4A58-BC51-9F218EEFD26E}.Debug|anycpu.ActiveCfg = Debug|Any CPU
		{1C2CAAA6-DA52-4A58-BC51-9F218EEFD26E}.Debug|anycpu.Build.0 = Debug|Any CPU
		{1C2CAAA6-DA52-4A58-BC51-9F218EEFD26E}.Release|anycpu.ActiveCfg = Release|Any CPU
		{1C2CAAA6-DA52-4A58-BC51-9F218EEFD26E}.Release|anycpu.Build.0 = Release|Any CPU
		{70A136C8-361E-4FC2-93E6-D1B680FBDA65}.Debug|anycpu.ActiveCfg = Debug|Any CPU
		{70A136C8-361E-4FC2-93E6-D1B680FBDA65}.Debug|anycpu.Build.0 = Debug|Any CPU
		{70A136C8-361E-4FC2-93E6-D1B680FBDA65}.Release|anycpu.ActiveCfg = Release|Any CPU
		{70A136C8-361E-4FC2-93E6-D1B680FBDA65}.Release|anycpu.Build.0 = Release|Any CPU
		{5003D15D-8210-4AF2-96CF-DF840228D346}.Debug|anycpu.ActiveCfg = Debug|Any CPU
		{5003D15D-8210-4AF2-96CF-DF840228D346}.Debug|anycpu.Build.0 = Debug|Any CPU
		{5003D15D-8210-4AF2-96CF-DF840228D346}.Release|anycpu.ActiveCfg = Release|Any CPU
		{5003D15D-8210-4AF2-96CF-DF840228D346}.Release|anycpu.Build.0 = Release|Any CPU
		{5AF55265-2802-44F1-B4DD-8B211F1AB77F}.Debug|anycpu.ActiveCfg = Debug|Any CPU
		{5AF55265-2802-44F1-B4DD-8B211F1AB77F}.Debug|anycpu.Build.0 = Debug|Any CPU
		{5AF55265-2802-44F1-B4DD-8B211F1AB77F}.Release|anycpu.ActiveCfg = Release|Any CPU
		{5AF55265-2802-44F1-B4DD-8B211F1AB77F}.Release|anycpu.Build.0 = Release|Any CPU
		{929B9F1E-9C1E-4E58-BC47-D627C038604B}.Debug|anycpu.ActiveCfg = Debug|Any CPU
		{929B9F1E-9C1E-4E58-BC47-D627C038604B}.Debug|anycpu.Build.0 = Debug|Any CPU
		{929B9F1E-9C1E-4E58-BC47-D627C038604B}.Release|anycpu.ActiveCfg = Release|Any CPU
		{929B9F1E-9C1E-4E58-BC47-D627C038604B}.Release|anycpu.Build.0 = Release|Any CPU
		{1803DC45-EF1F-4ED1-8FE4-D7CCBF4F3873}.Debug|anycpu.ActiveCfg = Debug|Any CPU
		{1803DC45-EF1F-4ED1-8FE4-D7CCBF4F3873}.Debug|anycpu.Build.0 = Debug|Any CPU
		{1803DC45-EF1F-4ED1-8FE4-D7CCBF4F3873}.Release|anycpu.ActiveCfg = Release|Any CPU
		{1803DC45-EF1F-4ED1-8FE4-D7CCBF4F3873}.Release|anycpu.Build.0 = Release|Any CPU
		{F142AAAD-7CEB-4C02-9191-3780D50C76F0}.Debug|anycpu.ActiveCfg = Debug|Any CPU
		{F142AAAD-7CEB-4C02-9191-3780D50C76F0}.Debug|anycpu.Build.0 = Debug|Any CPU
		{F142AAAD-7CEB-4C02-9191-3780D50C76F0}.Release|anycpu.ActiveCfg = Release|Any CPU
		{F142AAAD-7CEB-4C02-9191-3780D50C76F0}.Release|anycpu.Build.0 = Release|Any CPU
		{7425F917-F625-4A10-9555-D86AA3D95062}.Debug|anycpu.ActiveCfg = Debug|Any CPU
		{7425F917-F625-4A10-9555-D86AA3D95062}.Debug|anycpu.Build.0 = Debug|Any CPU
		{7425F917-F625-4A10-9555-D86AA3D95062}.Release|anycpu.ActiveCfg = Release|Any CPU
		{7425F917-F625-4A10-9555-D86AA3D95062}.Release|anycpu.Build.0 = Release|Any CPU
		{0A75D496-EDFA-404D-B59C-7287DF3477CE}.Debug|anycpu.ActiveCfg = Debug|Any CPU
		{0A75D496-EDFA-404D-B59C-7287DF3477CE}.Debug|anycpu.Build.0 = Debug|Any CPU
		{0A75D496-EDFA-404D-B59C-7287DF3477CE}.Release|anycpu.ActiveCfg = Release|Any CPU
		{0A75D496-EDFA-404D-B59C-7287DF3477CE}.Release|anycpu.Build.0 = Release|Any CPU
		{11BD6DD3-E548-44D6-8876-A3BD31DAC234}.Debug|anycpu.ActiveCfg = Debug|Any CPU
		{11BD6DD3-E548-44D6-8876-A3BD31DAC234}.Debug|anycpu.Build.0 = Debug|Any CPU
		{11BD6DD3-E548-44D6-8876-A3BD31DAC234}.Release|anycpu.ActiveCfg = Release|Any CPU
		{11BD6DD3-E548-44D6-8876-A3BD31DAC234}.Release|anycpu.Build.0 = Release|Any CPU
		{8D8ED170-DAFA-4B49-B6B4-50295C6A4A36}.Debug|anycpu.ActiveCfg = Debug|Any CPU
		{8D8ED170-DAFA-4B49-B6B4-50295C6A4A36}.Debug|anycpu.Build.0 = Debug|Any CPU
		{8D8ED170-DAFA-4B49-B6B4-50295C6A4A36}.Release|anycpu.ActiveCfg = Release|Any CPU
		{8D8ED170-DAFA-4B49-B6B4-50295C6A4A36}.Release|anycpu.Build.0 = Release|Any CPU
		{EE7C795E-EAB0-4021-B875-FB477F5E430C}.Debug|anycpu.ActiveCfg = Debug|Any CPU
		{EE7C795E-EAB0-4021-B875-FB477F5E430C}.Debug|anycpu.Build.0 = Debug|Any CPU
		{EE7C795E-EAB0-4021-B875-FB477F5E430C}.Release|anycpu.ActiveCfg = Release|Any CPU
		{EE7C795E-EAB0-4021-B875-FB477F5E430C}.Release|anycpu.Build.0 = Release|Any CPU
		{2C009E21-432C-4BB2-B87A-BDF78D71FE28}.Debug|anycpu.ActiveCfg = Debug|Any CPU
		{2C009E21-432C-4BB2-B87A-BDF78D71FE28}.Debug|anycpu.Build.0 = Debug|Any CPU
		{2C009E21-432C-4BB2-B87A-BDF78D71FE28}.Release|anycpu.ActiveCfg = Release|Any CPU
		{2C009E21-432C-4BB2-B87A-BDF78D71FE28}.Release|anycpu.Build.0 = Release|Any CPU
		{426A6DCB-C6FB-4107-8D79-ECD8C5799D4B}.Debug|anycpu.ActiveCfg = Debug|Any CPU
		{426A6DCB-C6FB-4107-8D79-ECD8C5799D4B}.Debug|anycpu.Build.0 = Debug|Any CPU
		{426A6DCB-C6FB-4107-8D79-ECD8C5799D4B}.Release|anycpu.ActiveCfg = Release|Any CPU
		{426A6DCB-C6FB-4107-8D79-ECD8C5799D4B}.Release|anycpu.Build.0 = Release|Any CPU
		{7018A125-417E-4953-9114-A1B27FA7822D}.Debug|anycpu.ActiveCfg = Debug|Any CPU
		{7018A125-417E-4953-9114-A1B27FA7822D}.Debug|anycpu.Build.0 = Debug|Any CPU
		{7018A125-417E-4953-9114-A1B27FA7822D}.Release|anycpu.ActiveCfg = Release|Any CPU
		{7018A125-417E-4953-9114-A1B27FA7822D}.Release|anycpu.Build.0 = Release|Any CPU
		{04F3DAE7-555B-4428-BBA6-BD80F741850D}.Debug|anycpu.ActiveCfg = Debug|Any CPU
		{04F3DAE7-555B-4428-BBA6-BD80F741850D}.Debug|anycpu.Build.0 = Debug|Any CPU
		{04F3DAE7-555B-4428-BBA6-BD80F741850D}.Release|anycpu.ActiveCfg = Release|Any CPU
		{04F3DAE7-555B-4428-BBA6-BD80F741850D}.Release|anycpu.Build.0 = Release|Any CPU
		{0B53EE8A-E6D5-4C25-87F6-F00B2EC8C828}.Debug|anycpu.ActiveCfg = Debug|Any CPU
		{0B53EE8A-E6D5-4C25-87F6-F00B2EC8C828}.Debug|anycpu.Build.0 = Debug|Any CPU
		{0B53EE8A-E6D5-4C25-87F6-F00B2EC8C828}.Release|anycpu.ActiveCfg = Release|Any CPU
		{0B53EE8A-E6D5-4C25-87F6-F00B2EC8C828}.Release|anycpu.Build.0 = Release|Any CPU
		{740DF302-6109-4539-B234-41D08C18F379}.Debug|anycpu.ActiveCfg = Debug|Any CPU
		{740DF302-6109-4539-B234-41D08C18F379}.Debug|anycpu.Build.0 = Debug|Any CPU
		{740DF302-6109-4539-B234-41D08C18F379}.Release|anycpu.ActiveCfg = Release|Any CPU
		{740DF302-6109-4539-B234-41D08C18F379}.Release|anycpu.Build.0 = Release|Any CPU
		{8C10E227-847D-45F6-A7B7-4ACEDFD343DF}.Debug|anycpu.ActiveCfg = Debug|Any CPU
		{8C10E227-847D-45F6-A7B7-4ACEDFD343DF}.Debug|anycpu.Build.0 = Debug|Any CPU
		{8C10E227-847D-45F6-A7B7-4ACEDFD343DF}.Release|anycpu.ActiveCfg = Release|Any CPU
		{8C10E227-847D-45F6-A7B7-4ACEDFD343DF}.Release|anycpu.Build.0 = Release|Any CPU
		{6E42AA96-0968-488C-932C-29F27124BBC7}.Debug|anycpu.ActiveCfg = Debug|Any CPU
		{6E42AA96-0968-488C-932C-29F27124BBC7}.Debug|anycpu.Build.0 = Debug|Any CPU
		{6E42AA96-0968-488C-932C-29F27124BBC7}.Release|anycpu.ActiveCfg = Release|Any CPU
		{6E42AA96-0968-488C-932C-29F27124BBC7}.Release|anycpu.Build.0 = Release|Any CPU
		{9546DF0E-19B4-4E1B-8289-3DF503E1CB0E}.Debug|anycpu.ActiveCfg = Debug|Any CPU
		{9546DF0E-19B4-4E1B-8289-3DF503E1CB0E}.Debug|anycpu.Build.0 = Debug|Any CPU
		{9546DF0E-19B4-4E1B-8289-3DF503E1CB0E}.Release|anycpu.ActiveCfg = Release|Any CPU
		{9546DF0E-19B4-4E1B-8289-3DF503E1CB0E}.Release|anycpu.Build.0 = Release|Any CPU
		{5810B4AD-97B9-4392-986E-EFC5C8BA365A}.Debug|anycpu.ActiveCfg = Debug|Any CPU
		{5810B4AD-97B9-4392-986E-EFC5C8BA365A}.Debug|anycpu.Build.0 = Debug|Any CPU
		{5810B4AD-97B9-4392-986E-EFC5C8BA365A}.Release|anycpu.ActiveCfg = Release|Any CPU
		{5810B4AD-97B9-4392-986E-EFC5C8BA365A}.Release|anycpu.Build.0 = Release|Any CPU
	EndGlobalSection
	GlobalSection(SolutionProperties) = preSolution
		HideSolutionNode = FALSE
	EndGlobalSection
	GlobalSection(NestedProjects) = preSolution
		{46510F9D-DD11-4608-B5E6-6E4224FB6E44} = {8E642355-0ABF-4EED-98A8-320983337FE6}
		{9D9D920D-CD8F-44A9-95FA-8CC0BF72C8CE} = {8E642355-0ABF-4EED-98A8-320983337FE6}
		{74111E0D-B3C0-462E-A4CA-FE952C345C9B} = {6C0F8C8B-E50E-4CE2-9864-2DA60A1E5413}
		{17353F68-D21E-4DFC-85C7-2EA379173B95} = {74111E0D-B3C0-462E-A4CA-FE952C345C9B}
		{136912D4-86C6-4ECF-A4E8-88D11B4DA1AD} = {6C0F8C8B-E50E-4CE2-9864-2DA60A1E5413}
		{F45A2C08-8D1A-45CA-97D3-714962C40F61} = {136912D4-86C6-4ECF-A4E8-88D11B4DA1AD}
		{177C99F5-933C-4708-B778-454E923FB14A} = {6C0F8C8B-E50E-4CE2-9864-2DA60A1E5413}
		{11BD6DD3-E548-44D6-8876-A3BD31DAC234} = {C2CFFE4D-5CD6-41EC-AF24-AC633F0BD167}
		{8D8ED170-DAFA-4B49-B6B4-50295C6A4A36} = {8F3B6368-FAE1-4B72-A1FA-0DB5FCEEF39A}
		{EE7C795E-EAB0-4021-B875-FB477F5E430C} = {8F3B6368-FAE1-4B72-A1FA-0DB5FCEEF39A}
		{2C009E21-432C-4BB2-B87A-BDF78D71FE28} = {8F3B6368-FAE1-4B72-A1FA-0DB5FCEEF39A}
		{426A6DCB-C6FB-4107-8D79-ECD8C5799D4B} = {8F3B6368-FAE1-4B72-A1FA-0DB5FCEEF39A}
		{7018A125-417E-4953-9114-A1B27FA7822D} = {92E29DBD-0AF3-45DF-8A9B-54F6AC9154A6}
		{04F3DAE7-555B-4428-BBA6-BD80F741850D} = {92E29DBD-0AF3-45DF-8A9B-54F6AC9154A6}
		{0B53EE8A-E6D5-4C25-87F6-F00B2EC8C828} = {27F1346B-13DA-4656-BBC2-115F07EE8C9C}
		{740DF302-6109-4539-B234-41D08C18F379} = {27F1346B-13DA-4656-BBC2-115F07EE8C9C}
		{8C10E227-847D-45F6-A7B7-4ACEDFD343DF} = {27F1346B-13DA-4656-BBC2-115F07EE8C9C}
		{6E42AA96-0968-488C-932C-29F27124BBC7} = {27F1346B-13DA-4656-BBC2-115F07EE8C9C}
		{5810B4AD-97B9-4392-986E-EFC5C8BA365A} = {8B56F1C3-07DA-4182-A393-1C3CAD0DDCBA}
	EndGlobalSection
	GlobalSection(ExtensibilityGlobals) = postSolution
		SolutionGuid = {FC26A9DB-68E6-42E4-B3D3-1F08C3CEC8B0}
	EndGlobalSection
EndGlobal
